
Microsoft Visual Studio Solution File, Format Version 12.00
# Visual Studio Version 16
VisualStudioVersion = 16.0.31025.194
MinimumVisualStudioVersion = 10.0.40219.1
Project("{FAE04EC0-301F-11D3-BF4B-00C04F79EFBC}") = "UptoboxManager", "UptoboxManager\UptoboxManager.csproj", "{31B66644-0BC8-40E1-8236-5F58A2C86981}"
EndProject
Project("{FAE04EC0-301F-11D3-BF4B-00C04F79EFBC}") = "UptoboxManagerTests", "UptoboxManagerTests\UptoboxManagerTests.csproj", "{A67C3B3B-C9B8-4BB2-92E7-1F0CE63CE376}"
EndProject
Global
	GlobalSection(SolutionConfigurationPlatforms) = preSolution
		Debug|Any CPU = Debug|Any CPU
		Release|Any CPU = Release|Any CPU
	EndGlobalSection
	GlobalSection(ProjectConfigurationPlatforms) = postSolution
		{31B66644-0BC8-40E1-8236-5F58A2C86981}.Debug|Any CPU.ActiveCfg = Debug|Any CPU
		{31B66644-0BC8-40E1-8236-5F58A2C86981}.Debug|Any CPU.Build.0 = Debug|Any CPU
		{31B66644-0BC8-40E1-8236-5F58A2C86981}.Release|Any CPU.ActiveCfg = Release|Any CPU
		{31B66644-0BC8-40E1-8236-5F58A2C86981}.Release|Any CPU.Build.0 = Release|Any CPU
		{A67C3B3B-C9B8-4BB2-92E7-1F0CE63CE376}.Debug|Any CPU.ActiveCfg = Debug|Any CPU
		{A67C3B3B-C9B8-4BB2-92E7-1F0CE63CE376}.Debug|Any CPU.Build.0 = Debug|Any CPU
		{A67C3B3B-C9B8-4BB2-92E7-1F0CE63CE376}.Release|Any CPU.ActiveCfg = Release|Any CPU
		{A67C3B3B-C9B8-4BB2-92E7-1F0CE63CE376}.Release|Any CPU.Build.0 = Release|Any CPU
	EndGlobalSection
	GlobalSection(SolutionProperties) = preSolution
		HideSolutionNode = FALSE
	EndGlobalSection
	GlobalSection(ExtensibilityGlobals) = postSolution
		SolutionGuid = {A1C04781-6767-4F44-9761-CF5151980CC0}
	EndGlobalSection
EndGlobal
